// !$*UTF8*$!
{
	archiveVersion = 1;
	classes = {
	};
	objectVersion = 46;
	objects = {

/* Begin PBXBuildFile section */
		0121D84F17D8FFE700657644 /* Cocoa.framework in Frameworks */ = {isa = PBXBuildFile; fileRef = 0121D84E17D8FFE700657644 /* Cocoa.framework */; };
		0121D85117D8FFF500657644 /* Foundation.framework in Frameworks */ = {isa = PBXBuildFile; fileRef = 0121D85017D8FFF500657644 /* Foundation.framework */; };
		0E005245191545DE00B4D75B /* SDL.framework in Frameworks */ = {isa = PBXBuildFile; fileRef = 0E005244191545DE00B4D75B /* SDL.framework */; };
		0E9B833917FDD79700FDD16A /* SDL_mixer.framework in Frameworks */ = {isa = PBXBuildFile; fileRef = 0E9B833817FDD79700FDD16A /* SDL_mixer.framework */; };
		0EF6B05719168C7E0081DFB1 /* CPU.cpp in Sources */ = {isa = PBXBuildFile; fileRef = 0EF6B04719168C7E0081DFB1 /* CPU.cpp */; };
		0EF6B05819168C7E0081DFB1 /* main.cpp in Sources */ = {isa = PBXBuildFile; fileRef = 0EF6B04A19168C7E0081DFB1 /* main.cpp */; };
		0EF6B05919168C7E0081DFB1 /* Memory.cpp in Sources */ = {isa = PBXBuildFile; fileRef = 0EF6B04C19168C7E0081DFB1 /* Memory.cpp */; };
		0EF6B05A19168C7E0081DFB1 /* SDL_rotozoomALT.c in Sources */ = {isa = PBXBuildFile; fileRef = 0EF6B04E19168C7E0081DFB1 /* SDL_rotozoomALT.c */; };
		0EF6B05B19168C7E0081DFB1 /* SDLMain.m in Sources */ = {isa = PBXBuildFile; fileRef = 0EF6B05219168C7E0081DFB1 /* SDLMain.m */; };
		0EF6B05C19168C7E0081DFB1 /* Sound.cpp in Sources */ = {isa = PBXBuildFile; fileRef = 0EF6B05319168C7E0081DFB1 /* Sound.cpp */; };
		0EF6B05D19168C7E0081DFB1 /* Video.cpp in Sources */ = {isa = PBXBuildFile; fileRef = 0EF6B05519168C7E0081DFB1 /* Video.cpp */; };
/* End PBXBuildFile section */

/* Begin PBXCopyFilesBuildPhase section */
		0121D83A17D8FEC000657644 /* CopyFiles */ = {
			isa = PBXCopyFilesBuildPhase;
			buildActionMask = 2147483647;
			dstPath = /usr/share/man/man1/;
			dstSubfolderSpec = 0;
			files = (
			);
			runOnlyForDeploymentPostprocessing = 1;
		};
/* End PBXCopyFilesBuildPhase section */

/* Begin PBXFileReference section */
		0121D83C17D8FEC000657644 /* GB Emulator */ = {isa = PBXFileReference; explicitFileType = "compiled.mach-o.executable"; includeInIndex = 0; path = "GB Emulator"; sourceTree = BUILT_PRODUCTS_DIR; };
		0121D84E17D8FFE700657644 /* Cocoa.framework */ = {isa = PBXFileReference; lastKnownFileType = wrapper.framework; name = Cocoa.framework; path = System/Library/Frameworks/Cocoa.framework; sourceTree = SDKROOT; };
		0121D85017D8FFF500657644 /* Foundation.framework */ = {isa = PBXFileReference; lastKnownFileType = wrapper.framework; name = Foundation.framework; path = System/Library/Frameworks/Foundation.framework; sourceTree = SDKROOT; };
		0E005244191545DE00B4D75B /* SDL.framework */ = {isa = PBXFileReference; lastKnownFileType = wrapper.framework; name = SDL.framework; path = ../../../../Library/Frameworks/SDL.framework; sourceTree = "<group>"; };
		0E9B833817FDD79700FDD16A /* SDL_mixer.framework */ = {isa = PBXFileReference; lastKnownFileType = wrapper.framework; name = SDL_mixer.framework; path = ../../../../Library/Frameworks/SDL_mixer.framework; sourceTree = "<group>"; };
		0EF6B04719168C7E0081DFB1 /* CPU.cpp */ = {isa = PBXFileReference; explicitFileType = sourcecode.cpp.objcpp; fileEncoding = 4; path = CPU.cpp; sourceTree = "<group>"; };
		0EF6B04819168C7E0081DFB1 /* CPU.h */ = {isa = PBXFileReference; explicitFileType = sourcecode.cpp.objcpp; fileEncoding = 4; path = CPU.h; sourceTree = "<group>"; };
		0EF6B04919168C7E0081DFB1 /* GB_Emulator.1 */ = {isa = PBXFileReference; fileEncoding = 4; lastKnownFileType = text.man; path = GB_Emulator.1; sourceTree = "<group>"; };
		0EF6B04A19168C7E0081DFB1 /* main.cpp */ = {isa = PBXFileReference; explicitFileType = sourcecode.cpp.objcpp; fileEncoding = 4; path = main.cpp; sourceTree = "<group>"; };
		0EF6B04B19168C7E0081DFB1 /* main.h */ = {isa = PBXFileReference; explicitFileType = sourcecode.cpp.objcpp; fileEncoding = 4; path = main.h; sourceTree = "<group>"; };
		0EF6B04C19168C7E0081DFB1 /* Memory.cpp */ = {isa = PBXFileReference; explicitFileType = sourcecode.cpp.objcpp; fileEncoding = 4; path = Memory.cpp; sourceTree = "<group>"; };
		0EF6B04D19168C7E0081DFB1 /* Memory.h */ = {isa = PBXFileReference; explicitFileType = sourcecode.cpp.objcpp; fileEncoding = 4; path = Memory.h; sourceTree = "<group>"; };
		0EF6B04E19168C7E0081DFB1 /* SDL_rotozoomALT.c */ = {isa = PBXFileReference; explicitFileType = sourcecode.cpp.objcpp; fileEncoding = 4; path = SDL_rotozoomALT.c; sourceTree = "<group>"; };
		0EF6B04F19168C7E0081DFB1 /* SDL_rotozoomALT.h */ = {isa = PBXFileReference; explicitFileType = sourcecode.cpp.objcpp; fileEncoding = 4; path = SDL_rotozoomALT.h; sourceTree = "<group>"; };
		0EF6B05019168C7E0081DFB1 /* SDLMain.h */ = {isa = PBXFileReference; explicitFileType = sourcecode.cpp.objcpp; fileEncoding = 4; path = SDLMain.h; sourceTree = "<group>"; };
		0EF6B05119168C7E0081DFB1 /* SDLMain.h.gch */ = {isa = PBXFileReference; lastKnownFileType = file; path = SDLMain.h.gch; sourceTree = "<group>"; };
		0EF6B05219168C7E0081DFB1 /* SDLMain.m */ = {isa = PBXFileReference; fileEncoding = 4; lastKnownFileType = sourcecode.c.objc; path = SDLMain.m; sourceTree = "<group>"; };
		0EF6B05319168C7E0081DFB1 /* Sound.cpp */ = {isa = PBXFileReference; explicitFileType = sourcecode.cpp.objcpp; fileEncoding = 4; path = Sound.cpp; sourceTree = "<group>"; };
		0EF6B05419168C7E0081DFB1 /* Sound.h */ = {isa = PBXFileReference; explicitFileType = sourcecode.cpp.objcpp; fileEncoding = 4; path = Sound.h; sourceTree = "<group>"; };
		0EF6B05519168C7E0081DFB1 /* Video.cpp */ = {isa = PBXFileReference; explicitFileType = sourcecode.cpp.objcpp; fileEncoding = 4; path = Video.cpp; sourceTree = "<group>"; };
		0EF6B05619168C7E0081DFB1 /* Video.h */ = {isa = PBXFileReference; explicitFileType = sourcecode.cpp.objcpp; fileEncoding = 4; path = Video.h; sourceTree = "<group>"; };
/* End PBXFileReference section */

/* Begin PBXFrameworksBuildPhase section */
		0121D83917D8FEC000657644 /* Frameworks */ = {
			isa = PBXFrameworksBuildPhase;
			buildActionMask = 2147483647;
			files = (
				0E9B833917FDD79700FDD16A /* SDL_mixer.framework in Frameworks */,
				0121D85117D8FFF500657644 /* Foundation.framework in Frameworks */,
				0E005245191545DE00B4D75B /* SDL.framework in Frameworks */,
				0121D84F17D8FFE700657644 /* Cocoa.framework in Frameworks */,
			);
			runOnlyForDeploymentPostprocessing = 0;
		};
/* End PBXFrameworksBuildPhase section */

/* Begin PBXGroup section */
		0121D83117D8FEC000657644 = {
			isa = PBXGroup;
			children = (
				0EF6B04619168C7E0081DFB1 /* Source */,
				0E9B833817FDD79700FDD16A /* SDL_mixer.framework */,
				0121D85017D8FFF500657644 /* Foundation.framework */,
				0121D84E17D8FFE700657644 /* Cocoa.framework */,
				0121D83D17D8FEC000657644 /* Products */,
				0E005244191545DE00B4D75B /* SDL.framework */,
			);
			sourceTree = "<group>";
		};
		0121D83D17D8FEC000657644 /* Products */ = {
			isa = PBXGroup;
			children = (
				0121D83C17D8FEC000657644 /* GB Emulator */,
			);
			name = Products;
			sourceTree = "<group>";
		};
		0EF6B04619168C7E0081DFB1 /* Source */ = {
			isa = PBXGroup;
			children = (
				0EF6B04719168C7E0081DFB1 /* CPU.cpp */,
				0EF6B04819168C7E0081DFB1 /* CPU.h */,
				0EF6B04919168C7E0081DFB1 /* GB_Emulator.1 */,
				0EF6B04A19168C7E0081DFB1 /* main.cpp */,
				0EF6B04B19168C7E0081DFB1 /* main.h */,
				0EF6B04C19168C7E0081DFB1 /* Memory.cpp */,
				0EF6B04D19168C7E0081DFB1 /* Memory.h */,
				0EF6B04E19168C7E0081DFB1 /* SDL_rotozoomALT.c */,
				0EF6B04F19168C7E0081DFB1 /* SDL_rotozoomALT.h */,
				0EF6B05019168C7E0081DFB1 /* SDLMain.h */,
				0EF6B05119168C7E0081DFB1 /* SDLMain.h.gch */,
				0EF6B05219168C7E0081DFB1 /* SDLMain.m */,
				0EF6B05319168C7E0081DFB1 /* Sound.cpp */,
				0EF6B05419168C7E0081DFB1 /* Sound.h */,
				0EF6B05519168C7E0081DFB1 /* Video.cpp */,
				0EF6B05619168C7E0081DFB1 /* Video.h */,
			);
			path = Source;
			sourceTree = "<group>";
		};
/* End PBXGroup section */

/* Begin PBXNativeTarget section */
		0121D83B17D8FEC000657644 /* GB Emulator */ = {
			isa = PBXNativeTarget;
			buildConfigurationList = 0121D84617D8FEC000657644 /* Build configuration list for PBXNativeTarget "GB Emulator" */;
			buildPhases = (
				0121D83817D8FEC000657644 /* Sources */,
				0121D83917D8FEC000657644 /* Frameworks */,
				0121D83A17D8FEC000657644 /* CopyFiles */,
			);
			buildRules = (
			);
			dependencies = (
			);
			name = "GB Emulator";
			productName = "GB Emulator";
			productReference = 0121D83C17D8FEC000657644 /* GB Emulator */;
			productType = "com.apple.product-type.tool";
		};
/* End PBXNativeTarget section */

/* Begin PBXProject section */
		0121D83317D8FEC000657644 /* Project object */ = {
			isa = PBXProject;
			attributes = {
				LastUpgradeCheck = 0420;
			};
			buildConfigurationList = 0121D83617D8FEC000657644 /* Build configuration list for PBXProject "FireGBXCode" */;
			compatibilityVersion = "Xcode 3.2";
			developmentRegion = English;
			hasScannedForEncodings = 0;
			knownRegions = (
				en,
			);
			mainGroup = 0121D83117D8FEC000657644;
			productRefGroup = 0121D83D17D8FEC000657644 /* Products */;
			projectDirPath = "";
			projectRoot = "";
			targets = (
				0121D83B17D8FEC000657644 /* GB Emulator */,
			);
		};
/* End PBXProject section */

/* Begin PBXSourcesBuildPhase section */
		0121D83817D8FEC000657644 /* Sources */ = {
			isa = PBXSourcesBuildPhase;
			buildActionMask = 2147483647;
			files = (
				0EF6B05919168C7E0081DFB1 /* Memory.cpp in Sources */,
				0EF6B05819168C7E0081DFB1 /* main.cpp in Sources */,
				0EF6B05A19168C7E0081DFB1 /* SDL_rotozoomALT.c in Sources */,
				0EF6B05719168C7E0081DFB1 /* CPU.cpp in Sources */,
				0EF6B05B19168C7E0081DFB1 /* SDLMain.m in Sources */,
				0EF6B05D19168C7E0081DFB1 /* Video.cpp in Sources */,
				0EF6B05C19168C7E0081DFB1 /* Sound.cpp in Sources */,
			);
			runOnlyForDeploymentPostprocessing = 0;
		};
/* End PBXSourcesBuildPhase section */

/* Begin XCBuildConfiguration section */
		0121D84417D8FEC000657644 /* Debug */ = {
			isa = XCBuildConfiguration;
			buildSettings = {
				ALWAYS_SEARCH_USER_PATHS = NO;
				ARCHS = "$(ARCHS_STANDARD_64_BIT)";
				COPY_PHASE_STRIP = NO;
				GCC_C_LANGUAGE_STANDARD = gnu99;
				GCC_DYNAMIC_NO_PIC = NO;
				GCC_ENABLE_OBJC_EXCEPTIONS = YES;
				GCC_OPTIMIZATION_LEVEL = 0;
				GCC_PREPROCESSOR_DEFINITIONS = (
					"DEBUG=1",
					"$(inherited)",
				);
				GCC_SYMBOLS_PRIVATE_EXTERN = NO;
				GCC_VERSION = com.apple.compilers.llvm.clang.1_0;
				GCC_WARN_64_TO_32_BIT_CONVERSION = YES;
				GCC_WARN_ABOUT_MISSING_PROTOTYPES = YES;
				GCC_WARN_ABOUT_RETURN_TYPE = YES;
				GCC_WARN_UNUSED_VARIABLE = YES;
				MACOSX_DEPLOYMENT_TARGET = 10.7;
				ONLY_ACTIVE_ARCH = YES;
				SDKROOT = macosx;
			};
			name = Debug;
		};
		0121D84517D8FEC000657644 /* Release */ = {
			isa = XCBuildConfiguration;
			buildSettings = {
				ALWAYS_SEARCH_USER_PATHS = NO;
				ARCHS = "$(ARCHS_STANDARD_64_BIT)";
				COPY_PHASE_STRIP = YES;
				DEBUG_INFORMATION_FORMAT = "dwarf-with-dsym";
				GCC_C_LANGUAGE_STANDARD = gnu99;
				GCC_ENABLE_OBJC_EXCEPTIONS = YES;
				GCC_VERSION = com.apple.compilers.llvm.clang.1_0;
				GCC_WARN_64_TO_32_BIT_CONVERSION = YES;
				GCC_WARN_ABOUT_MISSING_PROTOTYPES = YES;
				GCC_WARN_ABOUT_RETURN_TYPE = YES;
				GCC_WARN_UNUSED_VARIABLE = YES;
				MACOSX_DEPLOYMENT_TARGET = 10.7;
				SDKROOT = macosx;
			};
			name = Release;
		};
		0121D84717D8FEC000657644 /* Debug */ = {
			isa = XCBuildConfiguration;
			buildSettings = {
				FRAMEWORK_SEARCH_PATHS = (
					"$(inherited)",
					"$(SRCROOT)",
					"$(LOCAL_LIBRARY_DIR)/Frameworks",
				);
				HEADER_SEARCH_PATHS = (
					"$(inherited)",
					/Applications/Xcode.app/Contents/Developer/Toolchains/XcodeDefault.xctoolchain/usr/include,
					/opt/local/include,
				);
				LIBRARY_SEARCH_PATHS = /opt/local/lib/;
				ONLY_ACTIVE_ARCH = YES;
				OTHER_LDFLAGS = "-lSDL_gfx";
				PRODUCT_NAME = "$(TARGET_NAME)";
			};
			name = Debug;
		};
		0121D84817D8FEC000657644 /* Release */ = {
			isa = XCBuildConfiguration;
			buildSettings = {
				FRAMEWORK_SEARCH_PATHS = (
					"$(inherited)",
					"$(SRCROOT)",
					"$(LOCAL_LIBRARY_DIR)/Frameworks",
				);
				HEADER_SEARCH_PATHS = (
					"$(inherited)",
					/Applications/Xcode.app/Contents/Developer/Toolchains/XcodeDefault.xctoolchain/usr/include,
					/opt/local/include,
				);
				LIBRARY_SEARCH_PATHS = /opt/local/lib/;
				ONLY_ACTIVE_ARCH = YES;
				OTHER_LDFLAGS = "-lSDL_gfx";
				PRODUCT_NAME = "$(TARGET_NAME)";
			};
			name = Release;
		};
/* End XCBuildConfiguration section */

/* Begin XCConfigurationList section */
		0121D83617D8FEC000657644 /* Build configuration list for PBXProject "FireGBXCode" */ = {
			isa = XCConfigurationList;
			buildConfigurations = (
				0121D84417D8FEC000657644 /* Debug */,
				0121D84517D8FEC000657644 /* Release */,
			);
			defaultConfigurationIsVisible = 0;
			defaultConfigurationName = Release;
		};
		0121D84617D8FEC000657644 /* Build configuration list for PBXNativeTarget "GB Emulator" */ = {
			isa = XCConfigurationList;
			buildConfigurations = (
				0121D84717D8FEC000657644 /* Debug */,
				0121D84817D8FEC000657644 /* Release */,
			);
			defaultConfigurationIsVisible = 0;
			defaultConfigurationName = Release;
		};
/* End XCConfigurationList section */
	};
	rootObject = 0121D83317D8FEC000657644 /* Project object */;
}
